# This file was autogenerated by Stack.
# You should not edit this file by hand.
# For more information, please see the documentation at:
#   https://docs.haskellstack.org/en/stable/lock_files

packages:
- completed:
    hackage: tidal-1.3.0@sha256:706890b8fa4f97851cf927eeb10c077a97688b43703bc226849ff230b98d76b2,3532
    pantry-tree:
      size: 2743
      sha256: c88eb95748abf0a4c66947d42f638b1ba8eaffbb054ebbc36591ea7951c343ca
  original:
    hackage: tidal-1.3.0
snapshots:
- completed:
    size: 523443
    url: https://raw.githubusercontent.com/commercialhaskell/stackage-snapshots/master/lts/14/0.yaml
    sha256: 283773e7120f5446d961eab35ea95c9af9c24187cc178537bd29273200a05171
  original: lts-14.0
