# This file was autogenerated by Stack.
# You should not edit this file by hand.
# For more information, please see the documentation at:
#   https://docs.haskellstack.org/en/stable/lock_files

packages:
- completed:
    hackage: tidal-1.4.3@sha256:2c51cf393a2e5c17404204184b89070c7ca8bd6751d54e34d7d021e0e92020d7,3554
    pantry-tree:
      size: 2743
      sha256: 64d742e64618493384244673c794de8e0618c32852d6606f0973e965145fab2b
  original:
    hackage: tidal-1.4.3
snapshots:
- completed:
    size: 524786
    url: https://raw.githubusercontent.com/commercialhaskell/stackage-snapshots/master/lts/14/11.yaml
    sha256: 088bb91b545839510a41ae92fa5feb36779ef3529571a42bd12b9f51eb89ded3
  original: lts-14.11
